Microsoft Visual Studio Solution File, Format Version 11.00
# Visual Studio 2008

Project("{FE61992C-D23A-A188-0FCA-4356EE36E1EC}") = "proceduralGrid", "Assembly-CSharp.csproj", "{20ABCD64-72D3-D76A-BE78-7E83B83C65C8}"
EndProject
Global
	GlobalSection(SolutionConfigurationPlatforms) = preSolution
		Debug|Any CPU = Debug|Any CPU
		Release|Any CPU = Release|Any CPU
	EndGlobalSection
	GlobalSection(ProjectConfigurationPlatforms) = postSolution
		{20ABCD64-72D3-D76A-BE78-7E83B83C65C8}.Debug|Any CPU.ActiveCfg = Debug|Any CPU
		{20ABCD64-72D3-D76A-BE78-7E83B83C65C8}.Debug|Any CPU.Build.0 = Debug|Any CPU
		{20ABCD64-72D3-D76A-BE78-7E83B83C65C8}.Release|Any CPU.ActiveCfg = Release|Any CPU
		{20ABCD64-72D3-D76A-BE78-7E83B83C65C8}.Release|Any CPU.Build.0 = Release|Any CPU
	EndGlobalSection
	GlobalSection(SolutionProperties) = preSolution
		HideSolutionNode = FALSE
	EndGlobalSection
	GlobalSection(MonoDevelopProperties) = preSolution
		StartupItem = Assembly-CSharp.csproj
	EndGlobalSection
EndGlobal
